
Microsoft Visual Studio Solution File, Format Version 12.00
# Visual Studio Version 17
VisualStudioVersion = 17.0.32602.201
MinimumVisualStudioVersion = 10.0.40219.1
Project("{FAE04EC0-301F-11D3-BF4B-00C04F79EFBC}") = "CityInfo.API", "CityInfo.API\CityInfo.API.csproj", "{B322E8FA-14F8-4505-8483-1C753744112C}"
EndProject
Global
	GlobalSection(SolutionConfigurationPlatforms) = preSolution
		Debug|Any CPU = Debug|Any CPU
		Release|Any CPU = Release|Any CPU
	EndGlobalSection
	GlobalSection(ProjectConfigurationPlatforms) = postSolution
		{B322E8FA-14F8-4505-8483-1C753744112C}.Debug|Any CPU.ActiveCfg = Debug|Any CPU
		{B322E8FA-14F8-4505-8483-1C753744112C}.Debug|Any CPU.Build.0 = Debug|Any CPU
		{B322E8FA-14F8-4505-8483-1C753744112C}.Release|Any CPU.ActiveCfg = Release|Any CPU
		{B322E8FA-14F8-4505-8483-1C753744112C}.Release|Any CPU.Build.0 = Release|Any CPU
	EndGlobalSection
	GlobalSection(SolutionProperties) = preSolution
		HideSolutionNode = FALSE
	EndGlobalSection
	GlobalSection(ExtensibilityGlobals) = postSolution
		SolutionGuid = {65D82EB1-E64B-4E9E-8531-99248DFF50A7}
	EndGlobalSection
EndGlobal
